
Microsoft Visual Studio Solution File, Format Version 12.00
# Visual Studio Version 17
VisualStudioVersion = 17.4.33213.308
MinimumVisualStudioVersion = 10.0.40219.1
Project("{FAE04EC0-301F-11D3-BF4B-00C04F79EFBC}") = "SelectionStatmentExercise", "SelectionStatmentExercise\SelectionStatmentExercise.csproj", "{FDA193D1-D5E1-4160-9786-D30A9323867D}"
EndProject
Global
	GlobalSection(SolutionConfigurationPlatforms) = preSolution
		Debug|Any CPU = Debug|Any CPU
		Release|Any CPU = Release|Any CPU
	EndGlobalSection
	GlobalSection(ProjectConfigurationPlatforms) = postSolution
		{FDA193D1-D5E1-4160-9786-D30A9323867D}.Debug|Any CPU.ActiveCfg = Debug|Any CPU
		{FDA193D1-D5E1-4160-9786-D30A9323867D}.Debug|Any CPU.Build.0 = Debug|Any CPU
		{FDA193D1-D5E1-4160-9786-D30A9323867D}.Release|Any CPU.ActiveCfg = Release|Any CPU
		{FDA193D1-D5E1-4160-9786-D30A9323867D}.Release|Any CPU.Build.0 = Release|Any CPU
	EndGlobalSection
	GlobalSection(SolutionProperties) = preSolution
		HideSolutionNode = FALSE
	EndGlobalSection
	GlobalSection(ExtensibilityGlobals) = postSolution
		SolutionGuid = {5A493BAE-8D8F-4678-99FB-840F87B5AE1B}
	EndGlobalSection
EndGlobal
